github.com/Masterminds/semver/v3 v3.4.0 h1:Zog+i5UMtVoCU8oKka5P7i9q9HgrJeGzI9SA1Xbatp0=
github.com/Masterminds/semver/v3 v3.4.0/go.mod h1:4V+yj/TJE1HU9XfppCwVMZq3I84lprf4nC11bSS5beM=
github.com/aws/aws-cdk-go/awscdk/v2 v2.235.1 h1:JsHYSldmSkvS0Q5W7kC4cbLbXxm7DaRbXOh2nJAE7d4=
github.com/aws/aws-cdk-go/awscdk/v2 v2.235.1/go.mod h1:hKEh17zZXzP8GStIg1V0QhigO0O39RjXj/gsW3olas8=
github.com/aws/constructs-go/constructs/v10 v10.4.5 h1:sI7BEPucBQmbotxUF78qpCh4wP0ABvyinDLG7SOZIGE=
github.com/aws/constructs-go/constructs/v10 v10.4.5/go.mod h1:L0tXWpvmTRneeFNX4efyD1haL1wQudQGHVXZWuLw74k=
github.com/aws/jsii-runtime-go v1.125.0 h1:s5gM2ATWcCPQS61G5WHZZiqjUqejZFjed702OBrr4yo=
github.com/aws/jsii-runtime-go v1.125.0/go.mod h1:67f+oydH0cMr//tkmNNj9QpKk02hNEEVu4CByxkpGB0=
github.com/cdklabs/awscdk-asset-awscli-go/awscliv1/v2 v2.2.261 h1:1GuMxmibE09Etubch2vHk19qFC8ILckyLECXysZhvdM=
github.com/cdklabs/awscdk-asset-awscli-go/awscliv1/v2 v2.2.261/go.mod h1:pQx6AJJlqdc7mbkWASwwlYobLIu3TiiLV24MPDl2q4w=
github.com/cdklabs/awscdk-asset-node-proxy-agent-go/nodeproxyagentv6/v2 v2.1.0 h1:kElXjprC8wkpJu58vp+WFH6z0AJw4zitg5iSKJPKe3c=
github.com/cdklabs/awscdk-asset-node-proxy-agent-go/nodeproxyagentv6/v2 v2.1.0/go.mod h1:JY4UnvNa1YDGQ4H5wohXTHl6YVY3uCDUWl4JYUrQfb8=
github.com/cdklabs/cloud-assembly-schema-go/awscdkcloudassemblyschema/v48 v48.20.0 h1:xIOiSJPMXeM6SxfmqtMms+TOwaxuSii5ZvUUBdCIvvQ=
github.com/cdklabs/cloud-assembly-schema-go/awscdkcloudassemblyschema/v48 v48.20.0/go.mod h1:Mv/KtlUxCbyDI6hGu+YgEXn/nBsJ7WfQnUOw9zyBHvU=
